{
  "name": "file-curator",
  "version": "1.0.2",
  "lockfileVersion": 1,
  "requires": true,
  "dependencies": {
    "ansi-regex": {
      "version": "2.1.1",
      "resolved": "https://registry.npmjs.org/ansi-regex/-/ansi-regex-2.1.1.tgz",
      "integrity": "sha1-w7M6te42DYbg5ijwRorn7yfWVN8="
    },
    "clone": {
      "version": "1.0.4",
      "resolved": "https://registry.npmjs.org/clone/-/clone-1.0.4.tgz",
      "integrity": "sha1-2jCcwmPfFZlMaIypAheco8fNfH4="
    },
    "columnify": {
      "version": "1.5.4",
      "resolved": "https://registry.npmjs.org/columnify/-/columnify-1.5.4.tgz",
      "integrity": "sha1-Rzfd8ce2mop8NAVweC6UfuyOeLs=",
      "requires": {
        "strip-ansi": "^3.0.0",
        "wcwidth": "^1.0.0"
      }
    },
    "dateformat": {
      "version": "3.0.3",
      "resolved": "https://registry.npmjs.org/dateformat/-/dateformat-3.0.3.tgz",
      "integrity": "sha512-jyCETtSl3VMZMWeRo7iY1FL19ges1t55hMo5yaam4Jrsm5EPL89UQkoQRyiI+Yf4k8r2ZpdngkV8hr1lIdjb3Q=="
    },
    "defaults": {
      "version": "1.0.3",
      "resolved": "https://registry.npmjs.org/defaults/-/defaults-1.0.3.tgz",
      "integrity": "sha1-xlYFHpgX2f8I7YgUd/P+QBnz730=",
      "requires": {
        "clone": "^1.0.2"
      }
    },
    "gar": {
      "version": "1.0.4",
      "resolved": "https://registry.npmjs.org/gar/-/gar-1.0.4.tgz",
      "integrity": "sha512-w4n9cPWyP7aHxKxYHFQMegj7WIAsL/YX/C4Bs5Rr8s1H9M1rNtRWRsw+ovYMkXDQ5S4ZbYHsHAPmevPjPgw44w=="
    },
    "get-folder-size": {
      "version": "2.0.1",
      "resolved": "https://registry.npmjs.org/get-folder-size/-/get-folder-size-2.0.1.tgz",
      "integrity": "sha512-+CEb+GDCM7tkOS2wdMKTn9vU7DgnKUTuDlehkNJKNSovdCOVxs14OfKCk4cvSaR3za4gj+OBdl9opPN9xrJ0zA==",
      "requires": {
        "gar": "^1.0.4",
        "tiny-each-async": "2.0.3"
      }
    },
    "junk": {
      "version": "2.1.0",
      "resolved": "https://registry.npmjs.org/junk/-/junk-2.1.0.tgz",
      "integrity": "sha1-9DG0t/By3FAKXxDOf07HGTDnATQ="
    },
    "readline-sync": {
      "version": "1.4.9",
      "resolved": "https://registry.npmjs.org/readline-sync/-/readline-sync-1.4.9.tgz",
      "integrity": "sha1-PtqOZfI80qF+YTAbHwADOWr17No="
    },
    "strip-ansi": {
      "version": "3.0.1",
      "resolved": "https://registry.npmjs.org/strip-ansi/-/strip-ansi-3.0.1.tgz",
      "integrity": "sha1-ajhfuIU9lS1f8F0Oiq+UJ43GPc8=",
      "requires": {
        "ansi-regex": "^2.0.0"
      }
    },
    "tiny-each-async": {
      "version": "2.0.3",
      "resolved": "https://registry.npmjs.org/tiny-each-async/-/tiny-each-async-2.0.3.tgz",
      "integrity": "sha1-jru/1tYpXxNwAD+7NxYq/loKUdE="
    },
    "wcwidth": {
      "version": "1.0.1",
      "resolved": "https://registry.npmjs.org/wcwidth/-/wcwidth-1.0.1.tgz",
      "integrity": "sha1-8LDc+RW8X/FSivrbLA4XtTLaL+g=",
      "requires": {
        "defaults": "^1.0.3"
      }
    },
    "word-wrap": {
      "version": "1.2.3",
      "resolved": "https://registry.npmjs.org/word-wrap/-/word-wrap-1.2.3.tgz",
      "integrity": "sha512-Hz/mrNwitNRh/HUAtM/VT/5VH+ygD6DV7mYKZAtHOrbs8U7lvPS6xf7EJKMF0uW1KJCl0H701g3ZGus+muE5vQ=="
    }
  }
}
